
Microsoft Visual Studio Solution File, Format Version 12.00
Project("{FAE04EC0-301F-11D3-BF4B-00C04F79EFBC}") = "WebApp", "WebApp\WebApp.csproj", "{1A9D9A15-1D62-4916-AA9A-C0A0951E8851}"
EndProject
Project("{2150E333-8FDC-42A3-9474-1A3956D46DE8}") = "_Solution Items", "_Solution Items", "{092DDA7D-1550-4DA4-AAAC-038BC5E7D8BE}"
ProjectSection(SolutionItems) = preProject
	README.md = README.md
	.gitignore = .gitignore
	Directory.Build.props = Directory.Build.props
	Dockerfile = Dockerfile
	.dockerignore = .dockerignore
EndProjectSection
EndProject
Project("{2150E333-8FDC-42A3-9474-1A3956D46DE8}") = "DAL", "DAL", "{AFBFFF8B-EE3A-4989-B1E7-1CD62890FF0E}"
EndProject
Project("{FAE04EC0-301F-11D3-BF4B-00C04F79EFBC}") = "DAL.App.EF", "DAL.App.EF\DAL.App.EF.csproj", "{499D73FD-14BA-4CCA-903E-2640485F1E90}"
EndProject
Project("{2150E333-8FDC-42A3-9474-1A3956D46DE8}") = "DOMAIN", "DOMAIN", "{D03D4B71-D863-4CA3-BF10-D639720B4C89}"
EndProject
Project("{FAE04EC0-301F-11D3-BF4B-00C04F79EFBC}") = "Domain.App", "Domain.App\Domain.App.csproj", "{27971AA3-FE12-498B-B717-5614C41680F7}"
EndProject
Project("{FAE04EC0-301F-11D3-BF4B-00C04F79EFBC}") = "Extensions", "Extensions\Extensions.csproj", "{8B13EC1F-BBF4-437E-98B4-4F71EDEACA62}"
EndProject
Project("{2150E333-8FDC-42A3-9474-1A3956D46DE8}") = "DTO", "DTO", "{6C321ABF-7CFB-42A1-992D-F50C6D8E35AE}"
EndProject
Project("{FAE04EC0-301F-11D3-BF4B-00C04F79EFBC}") = "PublicApi.DTO.v1", "PublicApi.DTO.v1\PublicApi.DTO.v1.csproj", "{136DD7C5-F1A9-4E7B-8456-C6817D872F4B}"
EndProject
Project("{FAE04EC0-301F-11D3-BF4B-00C04F79EFBC}") = "Contracts.DAL.App", "Contracts.DAL.App\Contracts.DAL.App.csproj", "{A9146A54-ADEA-4F00-81F2-3525A8B9D7FB}"
EndProject
Project("{FAE04EC0-301F-11D3-BF4B-00C04F79EFBC}") = "DAL.App.DTO", "DAL.App.DTO\DAL.App.DTO.csproj", "{2CC71214-781A-4649-A369-FB7ED835C6A5}"
EndProject
Global
	GlobalSection(SolutionConfigurationPlatforms) = preSolution
		Debug|Any CPU = Debug|Any CPU
		Release|Any CPU = Release|Any CPU
	EndGlobalSection
	GlobalSection(ProjectConfigurationPlatforms) = postSolution
		{1A9D9A15-1D62-4916-AA9A-C0A0951E8851}.Debug|Any CPU.ActiveCfg = Debug|Any CPU
		{1A9D9A15-1D62-4916-AA9A-C0A0951E8851}.Debug|Any CPU.Build.0 = Debug|Any CPU
		{1A9D9A15-1D62-4916-AA9A-C0A0951E8851}.Release|Any CPU.ActiveCfg = Release|Any CPU
		{1A9D9A15-1D62-4916-AA9A-C0A0951E8851}.Release|Any CPU.Build.0 = Release|Any CPU
		{499D73FD-14BA-4CCA-903E-2640485F1E90}.Debug|Any CPU.ActiveCfg = Debug|Any CPU
		{499D73FD-14BA-4CCA-903E-2640485F1E90}.Debug|Any CPU.Build.0 = Debug|Any CPU
		{499D73FD-14BA-4CCA-903E-2640485F1E90}.Release|Any CPU.ActiveCfg = Release|Any CPU
		{499D73FD-14BA-4CCA-903E-2640485F1E90}.Release|Any CPU.Build.0 = Release|Any CPU
		{27971AA3-FE12-498B-B717-5614C41680F7}.Debug|Any CPU.ActiveCfg = Debug|Any CPU
		{27971AA3-FE12-498B-B717-5614C41680F7}.Debug|Any CPU.Build.0 = Debug|Any CPU
		{27971AA3-FE12-498B-B717-5614C41680F7}.Release|Any CPU.ActiveCfg = Release|Any CPU
		{27971AA3-FE12-498B-B717-5614C41680F7}.Release|Any CPU.Build.0 = Release|Any CPU
		{8B13EC1F-BBF4-437E-98B4-4F71EDEACA62}.Debug|Any CPU.ActiveCfg = Debug|Any CPU
		{8B13EC1F-BBF4-437E-98B4-4F71EDEACA62}.Debug|Any CPU.Build.0 = Debug|Any CPU
		{8B13EC1F-BBF4-437E-98B4-4F71EDEACA62}.Release|Any CPU.ActiveCfg = Release|Any CPU
		{8B13EC1F-BBF4-437E-98B4-4F71EDEACA62}.Release|Any CPU.Build.0 = Release|Any CPU
		{136DD7C5-F1A9-4E7B-8456-C6817D872F4B}.Debug|Any CPU.ActiveCfg = Debug|Any CPU
		{136DD7C5-F1A9-4E7B-8456-C6817D872F4B}.Debug|Any CPU.Build.0 = Debug|Any CPU
		{136DD7C5-F1A9-4E7B-8456-C6817D872F4B}.Release|Any CPU.ActiveCfg = Release|Any CPU
		{136DD7C5-F1A9-4E7B-8456-C6817D872F4B}.Release|Any CPU.Build.0 = Release|Any CPU
		{A9146A54-ADEA-4F00-81F2-3525A8B9D7FB}.Debug|Any CPU.ActiveCfg = Debug|Any CPU
		{A9146A54-ADEA-4F00-81F2-3525A8B9D7FB}.Debug|Any CPU.Build.0 = Debug|Any CPU
		{A9146A54-ADEA-4F00-81F2-3525A8B9D7FB}.Release|Any CPU.ActiveCfg = Release|Any CPU
		{A9146A54-ADEA-4F00-81F2-3525A8B9D7FB}.Release|Any CPU.Build.0 = Release|Any CPU
		{2CC71214-781A-4649-A369-FB7ED835C6A5}.Debug|Any CPU.ActiveCfg = Debug|Any CPU
		{2CC71214-781A-4649-A369-FB7ED835C6A5}.Debug|Any CPU.Build.0 = Debug|Any CPU
		{2CC71214-781A-4649-A369-FB7ED835C6A5}.Release|Any CPU.ActiveCfg = Release|Any CPU
		{2CC71214-781A-4649-A369-FB7ED835C6A5}.Release|Any CPU.Build.0 = Release|Any CPU
	EndGlobalSection
	GlobalSection(NestedProjects) = preSolution
		{499D73FD-14BA-4CCA-903E-2640485F1E90} = {AFBFFF8B-EE3A-4989-B1E7-1CD62890FF0E}
		{27971AA3-FE12-498B-B717-5614C41680F7} = {D03D4B71-D863-4CA3-BF10-D639720B4C89}
		{136DD7C5-F1A9-4E7B-8456-C6817D872F4B} = {6C321ABF-7CFB-42A1-992D-F50C6D8E35AE}
		{A9146A54-ADEA-4F00-81F2-3525A8B9D7FB} = {AFBFFF8B-EE3A-4989-B1E7-1CD62890FF0E}
		{2CC71214-781A-4649-A369-FB7ED835C6A5} = {AFBFFF8B-EE3A-4989-B1E7-1CD62890FF0E}
	EndGlobalSection
EndGlobal
