
Microsoft Visual Studio Solution File, Format Version 12.00
Project("{FAE04EC0-301F-11D3-BF4B-00C04F79EFBC}") = "WebApp", "WebApp\WebApp.csproj", "{EC96C75D-C565-4668-87BC-D1B348ED5D1F}"
EndProject
Project("{FAE04EC0-301F-11D3-BF4B-00C04F79EFBC}") = "Domain", "Domain\Domain.csproj", "{20D6C6AE-F393-4255-93E4-ECA023F86D2B}"
EndProject
Project("{FAE04EC0-301F-11D3-BF4B-00C04F79EFBC}") = "DAL.App.EF", "DAL.App.EF\DAL.App.EF.csproj", "{A9BC9908-9170-46AC-8870-642C1231034A}"
EndProject
Project("{2150E333-8FDC-42A3-9474-1A3956D46DE8}") = "_Solution Items", "_Solution Items", "{686E4FE4-9BA5-4458-A3E6-3D83CB8F693E}"
ProjectSection(SolutionItems) = preProject
	README.md = README.md
	.gitignore = ../../.gitignore
	Directory.Build.props = Directory.Build.props
EndProjectSection
EndProject
Project("{FAE04EC0-301F-11D3-BF4B-00C04F79EFBC}") = "Contracts.DAL.Base", "Contracts.DAL.Base\Contracts.DAL.Base.csproj", "{2F8BD455-4FB7-48DE-9EA0-86976303E9D7}"
EndProject
Project("{FAE04EC0-301F-11D3-BF4B-00C04F79EFBC}") = "DAL.Base", "DAL.Base\DAL.Base.csproj", "{7F728974-7E1D-4A18-9E77-C32AE8C26E09}"
EndProject
Project("{FAE04EC0-301F-11D3-BF4B-00C04F79EFBC}") = "Extensions", "Extensions\Extensions.csproj", "{D5D47E1A-8AA9-45AF-9D06-F1F6B2A22CC5}"
EndProject
Project("{FAE04EC0-301F-11D3-BF4B-00C04F79EFBC}") = "DAL.Base.EF", "DAL.Base.EF\DAL.Base.EF.csproj", "{383C8C4E-23E2-4D97-927A-621E18FD4EB3}"
EndProject
Project("{FAE04EC0-301F-11D3-BF4B-00C04F79EFBC}") = "Contracts.DAL.App", "Contracts.DAL.App\Contracts.DAL.App.csproj", "{E427C4AA-8F24-4205-9401-4FA0875146E5}"
EndProject
Project("{FAE04EC0-301F-11D3-BF4B-00C04F79EFBC}") = "PublicApi.DTO.v1", "PublicApi.DTO.v1\PublicApi.DTO.v1.csproj", "{3658F1C0-C1C8-4FF6-8D2E-DBBE34E83C0F}"
EndProject
Project("{2150E333-8FDC-42A3-9474-1A3956D46DE8}") = "DAL", "DAL", "{5D3B955D-C7E5-461A-8071-9E364FC5DD78}"
EndProject
Project("{2150E333-8FDC-42A3-9474-1A3956D46DE8}") = "BLL", "BLL", "{0C9F67A1-701B-4081-9617-0DD1EE13EEEC}"
EndProject
Project("{FAE04EC0-301F-11D3-BF4B-00C04F79EFBC}") = "BLL.Base", "BLL.Base\BLL.Base.csproj", "{24F84AC7-7A96-461F-B06A-4FE51133F236}"
EndProject
Project("{FAE04EC0-301F-11D3-BF4B-00C04F79EFBC}") = "Contracts.BLL.Base", "Contracts.BLL.Base\Contracts.BLL.Base.csproj", "{5A3218EC-B705-48CF-A436-46D31EDF9053}"
EndProject
Project("{FAE04EC0-301F-11D3-BF4B-00C04F79EFBC}") = "BLL.App", "BLL.App\BLL.App.csproj", "{961DCB3D-E2E3-4215-ACE9-E66182AB8A3B}"
EndProject
Project("{FAE04EC0-301F-11D3-BF4B-00C04F79EFBC}") = "Contracts.BLL.App", "Contracts.BLL.App\Contracts.BLL.App.csproj", "{24C1F533-74E3-4A78-9666-930D136A862C}"
EndProject
Project("{FAE04EC0-301F-11D3-BF4B-00C04F79EFBC}") = "DAL.App.DTO", "DAL.App.DTO\DAL.App.DTO.csproj", "{FD2E8D60-E535-4FE6-95F8-F2D55BCCDFA3}"
EndProject
Project("{FAE04EC0-301F-11D3-BF4B-00C04F79EFBC}") = "BLL.App.DTO", "BLL.App.DTO\BLL.App.DTO.csproj", "{17ED3CA5-F637-4DBD-ADFF-174BC149A4D6}"
EndProject
Project("{FAE04EC0-301F-11D3-BF4B-00C04F79EFBC}") = "Domain.Base", "Domain.Base\Domain.Base.csproj", "{A08C2187-9868-4FD1-A4FF-3533A6093821}"
EndProject
Global
	GlobalSection(SolutionConfigurationPlatforms) = preSolution
		Debug|Any CPU = Debug|Any CPU
		Release|Any CPU = Release|Any CPU
	EndGlobalSection
	GlobalSection(ProjectConfigurationPlatforms) = postSolution
		{EC96C75D-C565-4668-87BC-D1B348ED5D1F}.Debug|Any CPU.ActiveCfg = Debug|Any CPU
		{EC96C75D-C565-4668-87BC-D1B348ED5D1F}.Debug|Any CPU.Build.0 = Debug|Any CPU
		{EC96C75D-C565-4668-87BC-D1B348ED5D1F}.Release|Any CPU.ActiveCfg = Release|Any CPU
		{EC96C75D-C565-4668-87BC-D1B348ED5D1F}.Release|Any CPU.Build.0 = Release|Any CPU
		{20D6C6AE-F393-4255-93E4-ECA023F86D2B}.Debug|Any CPU.ActiveCfg = Debug|Any CPU
		{20D6C6AE-F393-4255-93E4-ECA023F86D2B}.Debug|Any CPU.Build.0 = Debug|Any CPU
		{20D6C6AE-F393-4255-93E4-ECA023F86D2B}.Release|Any CPU.ActiveCfg = Release|Any CPU
		{20D6C6AE-F393-4255-93E4-ECA023F86D2B}.Release|Any CPU.Build.0 = Release|Any CPU
		{A9BC9908-9170-46AC-8870-642C1231034A}.Debug|Any CPU.ActiveCfg = Debug|Any CPU
		{A9BC9908-9170-46AC-8870-642C1231034A}.Debug|Any CPU.Build.0 = Debug|Any CPU
		{A9BC9908-9170-46AC-8870-642C1231034A}.Release|Any CPU.ActiveCfg = Release|Any CPU
		{A9BC9908-9170-46AC-8870-642C1231034A}.Release|Any CPU.Build.0 = Release|Any CPU
		{2F8BD455-4FB7-48DE-9EA0-86976303E9D7}.Debug|Any CPU.ActiveCfg = Debug|Any CPU
		{2F8BD455-4FB7-48DE-9EA0-86976303E9D7}.Debug|Any CPU.Build.0 = Debug|Any CPU
		{2F8BD455-4FB7-48DE-9EA0-86976303E9D7}.Release|Any CPU.ActiveCfg = Release|Any CPU
		{2F8BD455-4FB7-48DE-9EA0-86976303E9D7}.Release|Any CPU.Build.0 = Release|Any CPU
		{7F728974-7E1D-4A18-9E77-C32AE8C26E09}.Debug|Any CPU.ActiveCfg = Debug|Any CPU
		{7F728974-7E1D-4A18-9E77-C32AE8C26E09}.Debug|Any CPU.Build.0 = Debug|Any CPU
		{7F728974-7E1D-4A18-9E77-C32AE8C26E09}.Release|Any CPU.ActiveCfg = Release|Any CPU
		{7F728974-7E1D-4A18-9E77-C32AE8C26E09}.Release|Any CPU.Build.0 = Release|Any CPU
		{D5D47E1A-8AA9-45AF-9D06-F1F6B2A22CC5}.Debug|Any CPU.ActiveCfg = Debug|Any CPU
		{D5D47E1A-8AA9-45AF-9D06-F1F6B2A22CC5}.Debug|Any CPU.Build.0 = Debug|Any CPU
		{D5D47E1A-8AA9-45AF-9D06-F1F6B2A22CC5}.Release|Any CPU.ActiveCfg = Release|Any CPU
		{D5D47E1A-8AA9-45AF-9D06-F1F6B2A22CC5}.Release|Any CPU.Build.0 = Release|Any CPU
		{383C8C4E-23E2-4D97-927A-621E18FD4EB3}.Debug|Any CPU.ActiveCfg = Debug|Any CPU
		{383C8C4E-23E2-4D97-927A-621E18FD4EB3}.Debug|Any CPU.Build.0 = Debug|Any CPU
		{383C8C4E-23E2-4D97-927A-621E18FD4EB3}.Release|Any CPU.ActiveCfg = Release|Any CPU
		{383C8C4E-23E2-4D97-927A-621E18FD4EB3}.Release|Any CPU.Build.0 = Release|Any CPU
		{E427C4AA-8F24-4205-9401-4FA0875146E5}.Debug|Any CPU.ActiveCfg = Debug|Any CPU
		{E427C4AA-8F24-4205-9401-4FA0875146E5}.Debug|Any CPU.Build.0 = Debug|Any CPU
		{E427C4AA-8F24-4205-9401-4FA0875146E5}.Release|Any CPU.ActiveCfg = Release|Any CPU
		{E427C4AA-8F24-4205-9401-4FA0875146E5}.Release|Any CPU.Build.0 = Release|Any CPU
		{3658F1C0-C1C8-4FF6-8D2E-DBBE34E83C0F}.Debug|Any CPU.ActiveCfg = Debug|Any CPU
		{3658F1C0-C1C8-4FF6-8D2E-DBBE34E83C0F}.Debug|Any CPU.Build.0 = Debug|Any CPU
		{3658F1C0-C1C8-4FF6-8D2E-DBBE34E83C0F}.Release|Any CPU.ActiveCfg = Release|Any CPU
		{3658F1C0-C1C8-4FF6-8D2E-DBBE34E83C0F}.Release|Any CPU.Build.0 = Release|Any CPU
		{24F84AC7-7A96-461F-B06A-4FE51133F236}.Debug|Any CPU.ActiveCfg = Debug|Any CPU
		{24F84AC7-7A96-461F-B06A-4FE51133F236}.Debug|Any CPU.Build.0 = Debug|Any CPU
		{24F84AC7-7A96-461F-B06A-4FE51133F236}.Release|Any CPU.ActiveCfg = Release|Any CPU
		{24F84AC7-7A96-461F-B06A-4FE51133F236}.Release|Any CPU.Build.0 = Release|Any CPU
		{5A3218EC-B705-48CF-A436-46D31EDF9053}.Debug|Any CPU.ActiveCfg = Debug|Any CPU
		{5A3218EC-B705-48CF-A436-46D31EDF9053}.Debug|Any CPU.Build.0 = Debug|Any CPU
		{5A3218EC-B705-48CF-A436-46D31EDF9053}.Release|Any CPU.ActiveCfg = Release|Any CPU
		{5A3218EC-B705-48CF-A436-46D31EDF9053}.Release|Any CPU.Build.0 = Release|Any CPU
		{961DCB3D-E2E3-4215-ACE9-E66182AB8A3B}.Debug|Any CPU.ActiveCfg = Debug|Any CPU
		{961DCB3D-E2E3-4215-ACE9-E66182AB8A3B}.Debug|Any CPU.Build.0 = Debug|Any CPU
		{961DCB3D-E2E3-4215-ACE9-E66182AB8A3B}.Release|Any CPU.ActiveCfg = Release|Any CPU
		{961DCB3D-E2E3-4215-ACE9-E66182AB8A3B}.Release|Any CPU.Build.0 = Release|Any CPU
		{24C1F533-74E3-4A78-9666-930D136A862C}.Debug|Any CPU.ActiveCfg = Debug|Any CPU
		{24C1F533-74E3-4A78-9666-930D136A862C}.Debug|Any CPU.Build.0 = Debug|Any CPU
		{24C1F533-74E3-4A78-9666-930D136A862C}.Release|Any CPU.ActiveCfg = Release|Any CPU
		{24C1F533-74E3-4A78-9666-930D136A862C}.Release|Any CPU.Build.0 = Release|Any CPU
		{FD2E8D60-E535-4FE6-95F8-F2D55BCCDFA3}.Debug|Any CPU.ActiveCfg = Debug|Any CPU
		{FD2E8D60-E535-4FE6-95F8-F2D55BCCDFA3}.Debug|Any CPU.Build.0 = Debug|Any CPU
		{FD2E8D60-E535-4FE6-95F8-F2D55BCCDFA3}.Release|Any CPU.ActiveCfg = Release|Any CPU
		{FD2E8D60-E535-4FE6-95F8-F2D55BCCDFA3}.Release|Any CPU.Build.0 = Release|Any CPU
		{17ED3CA5-F637-4DBD-ADFF-174BC149A4D6}.Debug|Any CPU.ActiveCfg = Debug|Any CPU
		{17ED3CA5-F637-4DBD-ADFF-174BC149A4D6}.Debug|Any CPU.Build.0 = Debug|Any CPU
		{17ED3CA5-F637-4DBD-ADFF-174BC149A4D6}.Release|Any CPU.ActiveCfg = Release|Any CPU
		{17ED3CA5-F637-4DBD-ADFF-174BC149A4D6}.Release|Any CPU.Build.0 = Release|Any CPU
		{A08C2187-9868-4FD1-A4FF-3533A6093821}.Debug|Any CPU.ActiveCfg = Debug|Any CPU
		{A08C2187-9868-4FD1-A4FF-3533A6093821}.Debug|Any CPU.Build.0 = Debug|Any CPU
		{A08C2187-9868-4FD1-A4FF-3533A6093821}.Release|Any CPU.ActiveCfg = Release|Any CPU
		{A08C2187-9868-4FD1-A4FF-3533A6093821}.Release|Any CPU.Build.0 = Release|Any CPU
	EndGlobalSection
	GlobalSection(NestedProjects) = preSolution
		{E427C4AA-8F24-4205-9401-4FA0875146E5} = {5D3B955D-C7E5-461A-8071-9E364FC5DD78}
		{2F8BD455-4FB7-48DE-9EA0-86976303E9D7} = {5D3B955D-C7E5-461A-8071-9E364FC5DD78}
		{A9BC9908-9170-46AC-8870-642C1231034A} = {5D3B955D-C7E5-461A-8071-9E364FC5DD78}
		{7F728974-7E1D-4A18-9E77-C32AE8C26E09} = {5D3B955D-C7E5-461A-8071-9E364FC5DD78}
		{383C8C4E-23E2-4D97-927A-621E18FD4EB3} = {5D3B955D-C7E5-461A-8071-9E364FC5DD78}
		{5A3218EC-B705-48CF-A436-46D31EDF9053} = {0C9F67A1-701B-4081-9617-0DD1EE13EEEC}
		{24F84AC7-7A96-461F-B06A-4FE51133F236} = {0C9F67A1-701B-4081-9617-0DD1EE13EEEC}
		{961DCB3D-E2E3-4215-ACE9-E66182AB8A3B} = {0C9F67A1-701B-4081-9617-0DD1EE13EEEC}
		{24C1F533-74E3-4A78-9666-930D136A862C} = {0C9F67A1-701B-4081-9617-0DD1EE13EEEC}
		{FD2E8D60-E535-4FE6-95F8-F2D55BCCDFA3} = {5D3B955D-C7E5-461A-8071-9E364FC5DD78}
		{17ED3CA5-F637-4DBD-ADFF-174BC149A4D6} = {0C9F67A1-701B-4081-9617-0DD1EE13EEEC}
	EndGlobalSection
EndGlobal
