
Microsoft Visual Studio Solution File, Format Version 12.00
Project("{FAE04EC0-301F-11D3-BF4B-00C04F79EFBC}") = "WebApp", "WebApp\WebApp.csproj", "{EC96C75D-C565-4668-87BC-D1B348ED5D1F}"
EndProject
Project("{FAE04EC0-301F-11D3-BF4B-00C04F79EFBC}") = "Domain", "Domain\Domain.csproj", "{20D6C6AE-F393-4255-93E4-ECA023F86D2B}"
EndProject
Project("{FAE04EC0-301F-11D3-BF4B-00C04F79EFBC}") = "DAL.App.EF", "DAL.App.EF\DAL.App.EF.csproj", "{A9BC9908-9170-46AC-8870-642C1231034A}"
EndProject
Project("{2150E333-8FDC-42A3-9474-1A3956D46DE8}") = "Solution Items", "Solution Items", "{686E4FE4-9BA5-4458-A3E6-3D83CB8F693E}"
ProjectSection(SolutionItems) = preProject
	README.md = README.md
	.gitignore = ../../.gitignore
	Directory.Build.props = Directory.Build.props
EndProjectSection
EndProject
Project("{FAE04EC0-301F-11D3-BF4B-00C04F79EFBC}") = "Contracts.DAL.Base", "Contracts.DAL.Base\Contracts.DAL.Base.csproj", "{2F8BD455-4FB7-48DE-9EA0-86976303E9D7}"
EndProject
Project("{FAE04EC0-301F-11D3-BF4B-00C04F79EFBC}") = "DAL.Base", "DAL.Base\DAL.Base.csproj", "{7F728974-7E1D-4A18-9E77-C32AE8C26E09}"
EndProject
Project("{FAE04EC0-301F-11D3-BF4B-00C04F79EFBC}") = "Extensions", "Extensions\Extensions.csproj", "{D5D47E1A-8AA9-45AF-9D06-F1F6B2A22CC5}"
EndProject
Project("{FAE04EC0-301F-11D3-BF4B-00C04F79EFBC}") = "DAL.Base.EF", "DAL.Base.EF\DAL.Base.EF.csproj", "{383C8C4E-23E2-4D97-927A-621E18FD4EB3}"
EndProject
Project("{FAE04EC0-301F-11D3-BF4B-00C04F79EFBC}") = "Contracts.DAL.App", "Contracts.DAL.App\Contracts.DAL.App.csproj", "{E427C4AA-8F24-4205-9401-4FA0875146E5}"
EndProject
Global
	GlobalSection(SolutionConfigurationPlatforms) = preSolution
		Debug|Any CPU = Debug|Any CPU
		Release|Any CPU = Release|Any CPU
	EndGlobalSection
	GlobalSection(ProjectConfigurationPlatforms) = postSolution
		{EC96C75D-C565-4668-87BC-D1B348ED5D1F}.Debug|Any CPU.ActiveCfg = Debug|Any CPU
		{EC96C75D-C565-4668-87BC-D1B348ED5D1F}.Debug|Any CPU.Build.0 = Debug|Any CPU
		{EC96C75D-C565-4668-87BC-D1B348ED5D1F}.Release|Any CPU.ActiveCfg = Release|Any CPU
		{EC96C75D-C565-4668-87BC-D1B348ED5D1F}.Release|Any CPU.Build.0 = Release|Any CPU
		{20D6C6AE-F393-4255-93E4-ECA023F86D2B}.Debug|Any CPU.ActiveCfg = Debug|Any CPU
		{20D6C6AE-F393-4255-93E4-ECA023F86D2B}.Debug|Any CPU.Build.0 = Debug|Any CPU
		{20D6C6AE-F393-4255-93E4-ECA023F86D2B}.Release|Any CPU.ActiveCfg = Release|Any CPU
		{20D6C6AE-F393-4255-93E4-ECA023F86D2B}.Release|Any CPU.Build.0 = Release|Any CPU
		{A9BC9908-9170-46AC-8870-642C1231034A}.Debug|Any CPU.ActiveCfg = Debug|Any CPU
		{A9BC9908-9170-46AC-8870-642C1231034A}.Debug|Any CPU.Build.0 = Debug|Any CPU
		{A9BC9908-9170-46AC-8870-642C1231034A}.Release|Any CPU.ActiveCfg = Release|Any CPU
		{A9BC9908-9170-46AC-8870-642C1231034A}.Release|Any CPU.Build.0 = Release|Any CPU
		{2F8BD455-4FB7-48DE-9EA0-86976303E9D7}.Debug|Any CPU.ActiveCfg = Debug|Any CPU
		{2F8BD455-4FB7-48DE-9EA0-86976303E9D7}.Debug|Any CPU.Build.0 = Debug|Any CPU
		{2F8BD455-4FB7-48DE-9EA0-86976303E9D7}.Release|Any CPU.ActiveCfg = Release|Any CPU
		{2F8BD455-4FB7-48DE-9EA0-86976303E9D7}.Release|Any CPU.Build.0 = Release|Any CPU
		{7F728974-7E1D-4A18-9E77-C32AE8C26E09}.Debug|Any CPU.ActiveCfg = Debug|Any CPU
		{7F728974-7E1D-4A18-9E77-C32AE8C26E09}.Debug|Any CPU.Build.0 = Debug|Any CPU
		{7F728974-7E1D-4A18-9E77-C32AE8C26E09}.Release|Any CPU.ActiveCfg = Release|Any CPU
		{7F728974-7E1D-4A18-9E77-C32AE8C26E09}.Release|Any CPU.Build.0 = Release|Any CPU
		{D5D47E1A-8AA9-45AF-9D06-F1F6B2A22CC5}.Debug|Any CPU.ActiveCfg = Debug|Any CPU
		{D5D47E1A-8AA9-45AF-9D06-F1F6B2A22CC5}.Debug|Any CPU.Build.0 = Debug|Any CPU
		{D5D47E1A-8AA9-45AF-9D06-F1F6B2A22CC5}.Release|Any CPU.ActiveCfg = Release|Any CPU
		{D5D47E1A-8AA9-45AF-9D06-F1F6B2A22CC5}.Release|Any CPU.Build.0 = Release|Any CPU
		{383C8C4E-23E2-4D97-927A-621E18FD4EB3}.Debug|Any CPU.ActiveCfg = Debug|Any CPU
		{383C8C4E-23E2-4D97-927A-621E18FD4EB3}.Debug|Any CPU.Build.0 = Debug|Any CPU
		{383C8C4E-23E2-4D97-927A-621E18FD4EB3}.Release|Any CPU.ActiveCfg = Release|Any CPU
		{383C8C4E-23E2-4D97-927A-621E18FD4EB3}.Release|Any CPU.Build.0 = Release|Any CPU
		{E427C4AA-8F24-4205-9401-4FA0875146E5}.Debug|Any CPU.ActiveCfg = Debug|Any CPU
		{E427C4AA-8F24-4205-9401-4FA0875146E5}.Debug|Any CPU.Build.0 = Debug|Any CPU
		{E427C4AA-8F24-4205-9401-4FA0875146E5}.Release|Any CPU.ActiveCfg = Release|Any CPU
		{E427C4AA-8F24-4205-9401-4FA0875146E5}.Release|Any CPU.Build.0 = Release|Any CPU
	EndGlobalSection
EndGlobal
